{
  "name": "mk8_ui_assets_extractor",
  "version": "1.0.0",
  "lockfileVersion": 3,
  "requires": true,
  "packages": {
    "": {
      "name": "mk8_ui_assets_extractor",
      "version": "1.0.0",
      "license": "ISC",
      "dependencies": {
        "msbt.js": "github:PretendoNetwork/msbt.js#master"
      }
    },
    "node_modules/msbt.js": {
      "version": "1.0.0",
      "resolved": "git+ssh://git@github.com/PretendoNetwork/msbt.js.git#78255fdb5f88bba898c602534e814cd2a6c4645c",
      "license": "ISC"
    }
  }
}
