{
  "name": "mk8_ui_assets_extractor",
  "version": "1.0.0",
  "lockfileVersion": 3,
  "requires": true,
  "packages": {
    "": {
      "name": "mk8_ui_assets_extractor",
      "version": "1.0.0",
      "license": "ISC",
      "dependencies": {
        "msbt.js": "github:PretendoNetwork/msbt.js#5e8e0dd25afd6d018ac8c966b05335f2f68c9915"
      }
    },
    "node_modules/msbt.js": {
      "version": "1.0.0",
      "resolved": "git+ssh://git@github.com/PretendoNetwork/msbt.js.git#5e8e0dd25afd6d018ac8c966b05335f2f68c9915",
      "integrity": "sha512-PKAc6AgwRK6l3lmhdypjOj9awGr85mN02lfahv5XMQ/fiWmEHTkSQ0/AZEFOToRPD8mrvNzgb/GtrAE8Nb9jrQ==",
      "license": "ISC"
    }
  }
}
